
Microsoft Visual Studio Solution File, Format Version 12.00
# Visual Studio Version 17
VisualStudioVersion = 17.4.33213.308
MinimumVisualStudioVersion = 10.0.40219.1
Project("{FAE04EC0-301F-11D3-BF4B-00C04F79EFBC}") = "week5", "week5\week5.csproj", "{F345A79B-1679-4ACF-A840-CB2F14A280FF}"
EndProject
Project("{FAE04EC0-301F-11D3-BF4B-00C04F79EFBC}") = "ANDoperator", "ANDoperator\ANDoperator.csproj", "{A69D56A0-4452-4720-800C-22F66768DCBA}"
EndProject
Project("{FAE04EC0-301F-11D3-BF4B-00C04F79EFBC}") = "OrOperator", "OrOperator\OrOperator.csproj", "{6879F99A-C773-46BE-9C51-74F1454B8A83}"
EndProject
Project("{FAE04EC0-301F-11D3-BF4B-00C04F79EFBC}") = "ANDranges", "ANDranges\ANDranges.csproj", "{3F510B5D-2287-449A-A912-CF3D953846DA}"
EndProject
Global
	GlobalSection(SolutionConfigurationPlatforms) = preSolution
		Debug|Any CPU = Debug|Any CPU
		Release|Any CPU = Release|Any CPU
	EndGlobalSection
	GlobalSection(ProjectConfigurationPlatforms) = postSolution
		{F345A79B-1679-4ACF-A840-CB2F14A280FF}.Debug|Any CPU.ActiveCfg = Debug|Any CPU
		{F345A79B-1679-4ACF-A840-CB2F14A280FF}.Debug|Any CPU.Build.0 = Debug|Any CPU
		{F345A79B-1679-4ACF-A840-CB2F14A280FF}.Release|Any CPU.ActiveCfg = Release|Any CPU
		{F345A79B-1679-4ACF-A840-CB2F14A280FF}.Release|Any CPU.Build.0 = Release|Any CPU
		{A69D56A0-4452-4720-800C-22F66768DCBA}.Debug|Any CPU.ActiveCfg = Debug|Any CPU
		{A69D56A0-4452-4720-800C-22F66768DCBA}.Debug|Any CPU.Build.0 = Debug|Any CPU
		{A69D56A0-4452-4720-800C-22F66768DCBA}.Release|Any CPU.ActiveCfg = Release|Any CPU
		{A69D56A0-4452-4720-800C-22F66768DCBA}.Release|Any CPU.Build.0 = Release|Any CPU
		{6879F99A-C773-46BE-9C51-74F1454B8A83}.Debug|Any CPU.ActiveCfg = Debug|Any CPU
		{6879F99A-C773-46BE-9C51-74F1454B8A83}.Debug|Any CPU.Build.0 = Debug|Any CPU
		{6879F99A-C773-46BE-9C51-74F1454B8A83}.Release|Any CPU.ActiveCfg = Release|Any CPU
		{6879F99A-C773-46BE-9C51-74F1454B8A83}.Release|Any CPU.Build.0 = Release|Any CPU
		{3F510B5D-2287-449A-A912-CF3D953846DA}.Debug|Any CPU.ActiveCfg = Debug|Any CPU
		{3F510B5D-2287-449A-A912-CF3D953846DA}.Debug|Any CPU.Build.0 = Debug|Any CPU
		{3F510B5D-2287-449A-A912-CF3D953846DA}.Release|Any CPU.ActiveCfg = Release|Any CPU
		{3F510B5D-2287-449A-A912-CF3D953846DA}.Release|Any CPU.Build.0 = Release|Any CPU
	EndGlobalSection
	GlobalSection(SolutionProperties) = preSolution
		HideSolutionNode = FALSE
	EndGlobalSection
	GlobalSection(ExtensibilityGlobals) = postSolution
		SolutionGuid = {C158AA4B-B53D-459F-B48A-ABE64FBEA616}
	EndGlobalSection
EndGlobal
